
Microsoft Visual Studio Solution File, Format Version 12.00
# Visual Studio 15
VisualStudioVersion = 15.0.27130.2003
MinimumVisualStudioVersion = 10.0.40219.1
Project("{FAE04EC0-301F-11D3-BF4B-00C04F79EFBC}") = "SlideShowHistory", "SlideShowHistory\SlideShowHistory.csproj", "{BB295142-FC45-4467-8560-10F1805A5117}"
EndProject
Global
	GlobalSection(SolutionConfigurationPlatforms) = preSolution
		Debug|Any CPU = Debug|Any CPU
		Release|Any CPU = Release|Any CPU
	EndGlobalSection
	GlobalSection(ProjectConfigurationPlatforms) = postSolution
		{BB295142-FC45-4467-8560-10F1805A5117}.Debug|Any CPU.ActiveCfg = Debug|Any CPU
		{BB295142-FC45-4467-8560-10F1805A5117}.Debug|Any CPU.Build.0 = Debug|Any CPU
		{BB295142-FC45-4467-8560-10F1805A5117}.Release|Any CPU.ActiveCfg = Release|Any CPU
		{BB295142-FC45-4467-8560-10F1805A5117}.Release|Any CPU.Build.0 = Release|Any CPU
	EndGlobalSection
	GlobalSection(SolutionProperties) = preSolution
		HideSolutionNode = FALSE
	EndGlobalSection
	GlobalSection(ExtensibilityGlobals) = postSolution
		SolutionGuid = {BF68B096-34CF-4A95-B4C0-087706437DEF}
	EndGlobalSection
EndGlobal
